Microsoft Visual Studio Solution File, Format Version 12.00
# Visual Studio Version 17
VisualStudioVersion = 17.5.2.0
MinimumVisualStudioVersion = 10.0.40219.1
Project("{2150E333-8FDC-42A3-9474-1A3956D46DE8}") = "HW", "HW", "{279BB92B-ED4B-AD7A-0AE1-70ED8CAEC270}"
EndProject
Project("{2150E333-8FDC-42A3-9474-1A3956D46DE8}") = "L1", "L1", "{C8A5DA90-007B-23B6-7BE4-01875B37F35D}"
EndProject
Project("{FAE04EC0-301F-11D3-BF4B-00C04F79EFBC}") = "helloworld", "HW\L1\helloworld\helloworld.csproj", "{5946ED67-CFB7-3614-AF18-52C5599BC46E}"
EndProject
Global
	GlobalSection(SolutionConfigurationPlatforms) = preSolution
		Debug|Any CPU = Debug|Any CPU
		Release|Any CPU = Release|Any CPU
	EndGlobalSection
	GlobalSection(ProjectConfigurationPlatforms) = postSolution
		{5946ED67-CFB7-3614-AF18-52C5599BC46E}.Debug|Any CPU.ActiveCfg = Debug|Any CPU
		{5946ED67-CFB7-3614-AF18-52C5599BC46E}.Debug|Any CPU.Build.0 = Debug|Any CPU
		{5946ED67-CFB7-3614-AF18-52C5599BC46E}.Release|Any CPU.ActiveCfg = Release|Any CPU
		{5946ED67-CFB7-3614-AF18-52C5599BC46E}.Release|Any CPU.Build.0 = Release|Any CPU
	EndGlobalSection
	GlobalSection(SolutionProperties) = preSolution
		HideSolutionNode = FALSE
	EndGlobalSection
	GlobalSection(NestedProjects) = preSolution
		{C8A5DA90-007B-23B6-7BE4-01875B37F35D} = {279BB92B-ED4B-AD7A-0AE1-70ED8CAEC270}
		{5946ED67-CFB7-3614-AF18-52C5599BC46E} = {C8A5DA90-007B-23B6-7BE4-01875B37F35D}
	EndGlobalSection
	GlobalSection(ExtensibilityGlobals) = postSolution
		SolutionGuid = {96BDC0CA-8186-4BA8-9DB5-863AB34DAAF5}
	EndGlobalSection
EndGlobal
