Microsoft Visual Studio Solution File, Format Version 12.00
# Visual Studio Version 17
VisualStudioVersion = 17.5.2.0
MinimumVisualStudioVersion = 10.0.40219.1
Project("{2150E333-8FDC-42A3-9474-1A3956D46DE8}") = "L1", "L1", "{38E251AB-E671-19F7-1A2B-DB098C4B0021}"
EndProject
Project("{2150E333-8FDC-42A3-9474-1A3956D46DE8}") = "L2.1", "L2.1", "{F9A0F918-02B6-8E86-FF8A-C6B26EE0169E}"
EndProject
Project("{2150E333-8FDC-42A3-9474-1A3956D46DE8}") = "L2.2", "L2.2", "{5325077E-AECE-C49D-D047-E0F1D44E8D34}"
EndProject
Project("{2150E333-8FDC-42A3-9474-1A3956D46DE8}") = "L2.3", "L2.3", "{DD1A5B23-4AC5-720A-9771-63A140FD06FE}"
EndProject
Project("{2150E333-8FDC-42A3-9474-1A3956D46DE8}") = "L2.4", "L2.4", "{9397EE58-466D-00D3-C20E-E8010790E04F}"
EndProject
Project("{2150E333-8FDC-42A3-9474-1A3956D46DE8}") = "L2.5", "L2.5", "{620F50C8-E169-6372-7A9B-F109B4E7EDCB}"
EndProject
Project("{2150E333-8FDC-42A3-9474-1A3956D46DE8}") = "L2.6", "L2.6", "{1516F2E1-EB07-8674-AD5A-5B6CAE24DB93}"
EndProject
Project("{2150E333-8FDC-42A3-9474-1A3956D46DE8}") = "L2.7", "L2.7", "{EE61314B-1285-DB36-491A-143F3A194358}"
EndProject
Project("{FAE04EC0-301F-11D3-BF4B-00C04F79EFBC}") = "helloworld", "L1\helloworld\helloworld.csproj", "{99CAA3EB-D978-0B67-51E6-2796DF31BCC7}"
EndProject
Project("{FAE04EC0-301F-11D3-BF4B-00C04F79EFBC}") = "Rocketship", "L2.1\Rocketship\Rocketship.csproj", "{19AB34D7-8FB0-4A81-DB90-66AE182A1B97}"
EndProject
Project("{FAE04EC0-301F-11D3-BF4B-00C04F79EFBC}") = "RocketshipFactored", "L2.2\RocketshipFactored\RocketshipFactored.csproj", "{764D25C9-119A-7496-C17D-7B4C1AA51A96}"
EndProject
Project("{FAE04EC0-301F-11D3-BF4B-00C04F79EFBC}") = "RocketshopLong", "L2.3\RocketshopLong\RocketshopLong.csproj", "{F52C0AAD-E8BD-D84E-BC33-2D98D3A0279B}"
EndProject
Project("{FAE04EC0-301F-11D3-BF4B-00C04F79EFBC}") = "P1", "L2.4\P1\P1.csproj", "{AD668B65-A5DE-7183-CD69-4C70E5091EB0}"
EndProject
Project("{FAE04EC0-301F-11D3-BF4B-00C04F79EFBC}") = "P2", "L2.4\P2\P2.csproj", "{F41CCFFF-C650-2FA0-D2DD-B14809FE1239}"
EndProject
Project("{FAE04EC0-301F-11D3-BF4B-00C04F79EFBC}") = "P3", "L2.4\P3\P3.csproj", "{1CE75AAD-04BB-C6DF-2FBD-9A59FEB2785E}"
EndProject
Project("{FAE04EC0-301F-11D3-BF4B-00C04F79EFBC}") = "P1", "L2.5\P1\P1.csproj", "{5422EB76-18B8-2505-BF57-3A176288294E}"
EndProject
Project("{FAE04EC0-301F-11D3-BF4B-00C04F79EFBC}") = "P2", "L2.5\P2\P2.csproj", "{0B90CC51-7610-43BE-F7BD-6579EF318913}"
EndProject
Project("{FAE04EC0-301F-11D3-BF4B-00C04F79EFBC}") = "P3", "L2.5\P3\P3.csproj", "{569C66B8-7EFA-87FD-7CB0-D11513FDBE4C}"
EndProject
Project("{FAE04EC0-301F-11D3-BF4B-00C04F79EFBC}") = "P4", "L2.5\P4\P4.csproj", "{6433ACDE-BEB7-D3B0-4F8E-32EB4F1FA0C6}"
EndProject
Project("{FAE04EC0-301F-11D3-BF4B-00C04F79EFBC}") = "P5", "L2.5\P5\P5.csproj", "{942B4907-2458-63E8-E31E-3FB946B809FC}"
EndProject
Project("{FAE04EC0-301F-11D3-BF4B-00C04F79EFBC}") = "P6", "L2.5\P6\P6.csproj", "{10F00A18-6E4E-F6CE-2997-4CE9857B0B29}"
EndProject
Project("{FAE04EC0-301F-11D3-BF4B-00C04F79EFBC}") = "P7,8", "L2.5\P7,8\P7,8.csproj", "{86E4143A-30B3-27DF-28BE-84ABECBB2ECA}"
EndProject
Project("{FAE04EC0-301F-11D3-BF4B-00C04F79EFBC}") = "P1", "L2.6\P1\P1.csproj", "{C33A64E9-D7DA-BE40-6AB9-E5046DA42D1D}"
EndProject
Project("{FAE04EC0-301F-11D3-BF4B-00C04F79EFBC}") = "P2", "L2.6\P2\P2.csproj", "{03E1C1EA-55B5-ABD0-611F-B7827DED749F}"
EndProject
Project("{FAE04EC0-301F-11D3-BF4B-00C04F79EFBC}") = "P3", "L2.6\P3\P3.csproj", "{296BC317-E3A1-F601-7405-3C243077ED1B}"
EndProject
Project("{FAE04EC0-301F-11D3-BF4B-00C04F79EFBC}") = "P4", "L2.6\P4\P4.csproj", "{95540417-69F2-0FC3-4C56-66FD130F19BE}"
EndProject
Project("{FAE04EC0-301F-11D3-BF4B-00C04F79EFBC}") = "P5", "L2.6\P5\P5.csproj", "{AC9414ED-233C-B13B-158D-EA685121F326}"
EndProject
Project("{FAE04EC0-301F-11D3-BF4B-00C04F79EFBC}") = "P7", "L2.6\P7\P7.csproj", "{619B67C6-23BA-DB38-0A06-509D2A9AEE2D}"
EndProject
Project("{FAE04EC0-301F-11D3-BF4B-00C04F79EFBC}") = "P1", "L2.7\P1\P1.csproj", "{56416DEA-19FB-2E07-F020-19EF9944163C}"
EndProject
Project("{FAE04EC0-301F-11D3-BF4B-00C04F79EFBC}") = "P2", "L2.7\P2\P2.csproj", "{9C774552-2541-434E-31C3-F2734BB1B104}"
EndProject
Project("{FAE04EC0-301F-11D3-BF4B-00C04F79EFBC}") = "P5", "L2.7\P5\P5.csproj", "{965A6EE5-371B-7170-F1AD-80AF0316684A}"
EndProject
Project("{FAE04EC0-301F-11D3-BF4B-00C04F79EFBC}") = "P6", "L2.7\P6\P6.csproj", "{1726B07D-65D3-344D-BB4E-70859DA72D10}"
EndProject
Project("{FAE04EC0-301F-11D3-BF4B-00C04F79EFBC}") = "P7", "L2.7\P7\P7.csproj", "{67F7E30E-BE38-929C-A17F-4490F906009C}"
EndProject
Project("{FAE04EC0-301F-11D3-BF4B-00C04F79EFBC}") = "P8", "L2.7\P8\P8.csproj", "{FDA5B62D-CB0C-E160-A8C8-1F9B31B25403}"
EndProject
Project("{FAE04EC0-301F-11D3-BF4B-00C04F79EFBC}") = "P9", "L2.7\P9\P9.csproj", "{C3071682-CAA0-5A0F-B274-F49E80702D40}"
EndProject
Global
	GlobalSection(SolutionConfigurationPlatforms) = preSolution
		Debug|Any CPU = Debug|Any CPU
		Release|Any CPU = Release|Any CPU
	EndGlobalSection
	GlobalSection(ProjectConfigurationPlatforms) = postSolution
		{99CAA3EB-D978-0B67-51E6-2796DF31BCC7}.Debug|Any CPU.ActiveCfg = Debug|Any CPU
		{99CAA3EB-D978-0B67-51E6-2796DF31BCC7}.Debug|Any CPU.Build.0 = Debug|Any CPU
		{99CAA3EB-D978-0B67-51E6-2796DF31BCC7}.Release|Any CPU.ActiveCfg = Release|Any CPU
		{99CAA3EB-D978-0B67-51E6-2796DF31BCC7}.Release|Any CPU.Build.0 = Release|Any CPU
		{19AB34D7-8FB0-4A81-DB90-66AE182A1B97}.Debug|Any CPU.ActiveCfg = Debug|Any CPU
		{19AB34D7-8FB0-4A81-DB90-66AE182A1B97}.Debug|Any CPU.Build.0 = Debug|Any CPU
		{19AB34D7-8FB0-4A81-DB90-66AE182A1B97}.Release|Any CPU.ActiveCfg = Release|Any CPU
		{19AB34D7-8FB0-4A81-DB90-66AE182A1B97}.Release|Any CPU.Build.0 = Release|Any CPU
		{764D25C9-119A-7496-C17D-7B4C1AA51A96}.Debug|Any CPU.ActiveCfg = Debug|Any CPU
		{764D25C9-119A-7496-C17D-7B4C1AA51A96}.Debug|Any CPU.Build.0 = Debug|Any CPU
		{764D25C9-119A-7496-C17D-7B4C1AA51A96}.Release|Any CPU.ActiveCfg = Release|Any CPU
		{764D25C9-119A-7496-C17D-7B4C1AA51A96}.Release|Any CPU.Build.0 = Release|Any CPU
		{F52C0AAD-E8BD-D84E-BC33-2D98D3A0279B}.Debug|Any CPU.ActiveCfg = Debug|Any CPU
		{F52C0AAD-E8BD-D84E-BC33-2D98D3A0279B}.Debug|Any CPU.Build.0 = Debug|Any CPU
		{F52C0AAD-E8BD-D84E-BC33-2D98D3A0279B}.Release|Any CPU.ActiveCfg = Release|Any CPU
		{F52C0AAD-E8BD-D84E-BC33-2D98D3A0279B}.Release|Any CPU.Build.0 = Release|Any CPU
		{AD668B65-A5DE-7183-CD69-4C70E5091EB0}.Debug|Any CPU.ActiveCfg = Debug|Any CPU
		{AD668B65-A5DE-7183-CD69-4C70E5091EB0}.Debug|Any CPU.Build.0 = Debug|Any CPU
		{AD668B65-A5DE-7183-CD69-4C70E5091EB0}.Release|Any CPU.ActiveCfg = Release|Any CPU
		{AD668B65-A5DE-7183-CD69-4C70E5091EB0}.Release|Any CPU.Build.0 = Release|Any CPU
		{F41CCFFF-C650-2FA0-D2DD-B14809FE1239}.Debug|Any CPU.ActiveCfg = Debug|Any CPU
		{F41CCFFF-C650-2FA0-D2DD-B14809FE1239}.Debug|Any CPU.Build.0 = Debug|Any CPU
		{F41CCFFF-C650-2FA0-D2DD-B14809FE1239}.Release|Any CPU.ActiveCfg = Release|Any CPU
		{F41CCFFF-C650-2FA0-D2DD-B14809FE1239}.Release|Any CPU.Build.0 = Release|Any CPU
		{1CE75AAD-04BB-C6DF-2FBD-9A59FEB2785E}.Debug|Any CPU.ActiveCfg = Debug|Any CPU
		{1CE75AAD-04BB-C6DF-2FBD-9A59FEB2785E}.Debug|Any CPU.Build.0 = Debug|Any CPU
		{1CE75AAD-04BB-C6DF-2FBD-9A59FEB2785E}.Release|Any CPU.ActiveCfg = Release|Any CPU
		{1CE75AAD-04BB-C6DF-2FBD-9A59FEB2785E}.Release|Any CPU.Build.0 = Release|Any CPU
		{5422EB76-18B8-2505-BF57-3A176288294E}.Debug|Any CPU.ActiveCfg = Debug|Any CPU
		{5422EB76-18B8-2505-BF57-3A176288294E}.Debug|Any CPU.Build.0 = Debug|Any CPU
		{5422EB76-18B8-2505-BF57-3A176288294E}.Release|Any CPU.ActiveCfg = Release|Any CPU
		{5422EB76-18B8-2505-BF57-3A176288294E}.Release|Any CPU.Build.0 = Release|Any CPU
		{0B90CC51-7610-43BE-F7BD-6579EF318913}.Debug|Any CPU.ActiveCfg = Debug|Any CPU
		{0B90CC51-7610-43BE-F7BD-6579EF318913}.Debug|Any CPU.Build.0 = Debug|Any CPU
		{0B90CC51-7610-43BE-F7BD-6579EF318913}.Release|Any CPU.ActiveCfg = Release|Any CPU
		{0B90CC51-7610-43BE-F7BD-6579EF318913}.Release|Any CPU.Build.0 = Release|Any CPU
		{569C66B8-7EFA-87FD-7CB0-D11513FDBE4C}.Debug|Any CPU.ActiveCfg = Debug|Any CPU
		{569C66B8-7EFA-87FD-7CB0-D11513FDBE4C}.Debug|Any CPU.Build.0 = Debug|Any CPU
		{569C66B8-7EFA-87FD-7CB0-D11513FDBE4C}.Release|Any CPU.ActiveCfg = Release|Any CPU
		{569C66B8-7EFA-87FD-7CB0-D11513FDBE4C}.Release|Any CPU.Build.0 = Release|Any CPU
		{6433ACDE-BEB7-D3B0-4F8E-32EB4F1FA0C6}.Debug|Any CPU.ActiveCfg = Debug|Any CPU
		{6433ACDE-BEB7-D3B0-4F8E-32EB4F1FA0C6}.Debug|Any CPU.Build.0 = Debug|Any CPU
		{6433ACDE-BEB7-D3B0-4F8E-32EB4F1FA0C6}.Release|Any CPU.ActiveCfg = Release|Any CPU
		{6433ACDE-BEB7-D3B0-4F8E-32EB4F1FA0C6}.Release|Any CPU.Build.0 = Release|Any CPU
		{942B4907-2458-63E8-E31E-3FB946B809FC}.Debug|Any CPU.ActiveCfg = Debug|Any CPU
		{942B4907-2458-63E8-E31E-3FB946B809FC}.Debug|Any CPU.Build.0 = Debug|Any CPU
		{942B4907-2458-63E8-E31E-3FB946B809FC}.Release|Any CPU.ActiveCfg = Release|Any CPU
		{942B4907-2458-63E8-E31E-3FB946B809FC}.Release|Any CPU.Build.0 = Release|Any CPU
		{10F00A18-6E4E-F6CE-2997-4CE9857B0B29}.Debug|Any CPU.ActiveCfg = Debug|Any CPU
		{10F00A18-6E4E-F6CE-2997-4CE9857B0B29}.Debug|Any CPU.Build.0 = Debug|Any CPU
		{10F00A18-6E4E-F6CE-2997-4CE9857B0B29}.Release|Any CPU.ActiveCfg = Release|Any CPU
		{10F00A18-6E4E-F6CE-2997-4CE9857B0B29}.Release|Any CPU.Build.0 = Release|Any CPU
		{86E4143A-30B3-27DF-28BE-84ABECBB2ECA}.Debug|Any CPU.ActiveCfg = Debug|Any CPU
		{86E4143A-30B3-27DF-28BE-84ABECBB2ECA}.Debug|Any CPU.Build.0 = Debug|Any CPU
		{86E4143A-30B3-27DF-28BE-84ABECBB2ECA}.Release|Any CPU.ActiveCfg = Release|Any CPU
		{86E4143A-30B3-27DF-28BE-84ABECBB2ECA}.Release|Any CPU.Build.0 = Release|Any CPU
		{C33A64E9-D7DA-BE40-6AB9-E5046DA42D1D}.Debug|Any CPU.ActiveCfg = Debug|Any CPU
		{C33A64E9-D7DA-BE40-6AB9-E5046DA42D1D}.Debug|Any CPU.Build.0 = Debug|Any CPU
		{C33A64E9-D7DA-BE40-6AB9-E5046DA42D1D}.Release|Any CPU.ActiveCfg = Release|Any CPU
		{C33A64E9-D7DA-BE40-6AB9-E5046DA42D1D}.Release|Any CPU.Build.0 = Release|Any CPU
		{03E1C1EA-55B5-ABD0-611F-B7827DED749F}.Debug|Any CPU.ActiveCfg = Debug|Any CPU
		{03E1C1EA-55B5-ABD0-611F-B7827DED749F}.Debug|Any CPU.Build.0 = Debug|Any CPU
		{03E1C1EA-55B5-ABD0-611F-B7827DED749F}.Release|Any CPU.ActiveCfg = Release|Any CPU
		{03E1C1EA-55B5-ABD0-611F-B7827DED749F}.Release|Any CPU.Build.0 = Release|Any CPU
		{296BC317-E3A1-F601-7405-3C243077ED1B}.Debug|Any CPU.ActiveCfg = Debug|Any CPU
		{296BC317-E3A1-F601-7405-3C243077ED1B}.Debug|Any CPU.Build.0 = Debug|Any CPU
		{296BC317-E3A1-F601-7405-3C243077ED1B}.Release|Any CPU.ActiveCfg = Release|Any CPU
		{296BC317-E3A1-F601-7405-3C243077ED1B}.Release|Any CPU.Build.0 = Release|Any CPU
		{95540417-69F2-0FC3-4C56-66FD130F19BE}.Debug|Any CPU.ActiveCfg = Debug|Any CPU
		{95540417-69F2-0FC3-4C56-66FD130F19BE}.Debug|Any CPU.Build.0 = Debug|Any CPU
		{95540417-69F2-0FC3-4C56-66FD130F19BE}.Release|Any CPU.ActiveCfg = Release|Any CPU
		{95540417-69F2-0FC3-4C56-66FD130F19BE}.Release|Any CPU.Build.0 = Release|Any CPU
		{AC9414ED-233C-B13B-158D-EA685121F326}.Debug|Any CPU.ActiveCfg = Debug|Any CPU
		{AC9414ED-233C-B13B-158D-EA685121F326}.Debug|Any CPU.Build.0 = Debug|Any CPU
		{AC9414ED-233C-B13B-158D-EA685121F326}.Release|Any CPU.ActiveCfg = Release|Any CPU
		{AC9414ED-233C-B13B-158D-EA685121F326}.Release|Any CPU.Build.0 = Release|Any CPU
		{619B67C6-23BA-DB38-0A06-509D2A9AEE2D}.Debug|Any CPU.ActiveCfg = Debug|Any CPU
		{619B67C6-23BA-DB38-0A06-509D2A9AEE2D}.Debug|Any CPU.Build.0 = Debug|Any CPU
		{619B67C6-23BA-DB38-0A06-509D2A9AEE2D}.Release|Any CPU.ActiveCfg = Release|Any CPU
		{619B67C6-23BA-DB38-0A06-509D2A9AEE2D}.Release|Any CPU.Build.0 = Release|Any CPU
		{56416DEA-19FB-2E07-F020-19EF9944163C}.Debug|Any CPU.ActiveCfg = Debug|Any CPU
		{56416DEA-19FB-2E07-F020-19EF9944163C}.Debug|Any CPU.Build.0 = Debug|Any CPU
		{56416DEA-19FB-2E07-F020-19EF9944163C}.Release|Any CPU.ActiveCfg = Release|Any CPU
		{56416DEA-19FB-2E07-F020-19EF9944163C}.Release|Any CPU.Build.0 = Release|Any CPU
		{9C774552-2541-434E-31C3-F2734BB1B104}.Debug|Any CPU.ActiveCfg = Debug|Any CPU
		{9C774552-2541-434E-31C3-F2734BB1B104}.Debug|Any CPU.Build.0 = Debug|Any CPU
		{9C774552-2541-434E-31C3-F2734BB1B104}.Release|Any CPU.ActiveCfg = Release|Any CPU
		{9C774552-2541-434E-31C3-F2734BB1B104}.Release|Any CPU.Build.0 = Release|Any CPU
		{E59CB7F9-0ECC-C3B5-4672-CC05E7F7CCA0}.Debug|Any CPU.ActiveCfg = Debug|Any CPU
		{E59CB7F9-0ECC-C3B5-4672-CC05E7F7CCA0}.Debug|Any CPU.Build.0 = Debug|Any CPU
		{E59CB7F9-0ECC-C3B5-4672-CC05E7F7CCA0}.Release|Any CPU.ActiveCfg = Release|Any CPU
		{E59CB7F9-0ECC-C3B5-4672-CC05E7F7CCA0}.Release|Any CPU.Build.0 = Release|Any CPU
		{8E2CC822-7152-DE03-23D2-3EE5FE2C5067}.Debug|Any CPU.ActiveCfg = Debug|Any CPU
		{8E2CC822-7152-DE03-23D2-3EE5FE2C5067}.Debug|Any CPU.Build.0 = Debug|Any CPU
		{8E2CC822-7152-DE03-23D2-3EE5FE2C5067}.Release|Any CPU.ActiveCfg = Release|Any CPU
		{8E2CC822-7152-DE03-23D2-3EE5FE2C5067}.Release|Any CPU.Build.0 = Release|Any CPU
		{965A6EE5-371B-7170-F1AD-80AF0316684A}.Debug|Any CPU.ActiveCfg = Debug|Any CPU
		{965A6EE5-371B-7170-F1AD-80AF0316684A}.Debug|Any CPU.Build.0 = Debug|Any CPU
		{965A6EE5-371B-7170-F1AD-80AF0316684A}.Release|Any CPU.ActiveCfg = Release|Any CPU
		{965A6EE5-371B-7170-F1AD-80AF0316684A}.Release|Any CPU.Build.0 = Release|Any CPU
		{1726B07D-65D3-344D-BB4E-70859DA72D10}.Debug|Any CPU.ActiveCfg = Debug|Any CPU
		{1726B07D-65D3-344D-BB4E-70859DA72D10}.Debug|Any CPU.Build.0 = Debug|Any CPU
		{1726B07D-65D3-344D-BB4E-70859DA72D10}.Release|Any CPU.ActiveCfg = Release|Any CPU
		{1726B07D-65D3-344D-BB4E-70859DA72D10}.Release|Any CPU.Build.0 = Release|Any CPU
		{67F7E30E-BE38-929C-A17F-4490F906009C}.Debug|Any CPU.ActiveCfg = Debug|Any CPU
		{67F7E30E-BE38-929C-A17F-4490F906009C}.Debug|Any CPU.Build.0 = Debug|Any CPU
		{67F7E30E-BE38-929C-A17F-4490F906009C}.Release|Any CPU.ActiveCfg = Release|Any CPU
		{67F7E30E-BE38-929C-A17F-4490F906009C}.Release|Any CPU.Build.0 = Release|Any CPU
		{FDA5B62D-CB0C-E160-A8C8-1F9B31B25403}.Debug|Any CPU.ActiveCfg = Debug|Any CPU
		{FDA5B62D-CB0C-E160-A8C8-1F9B31B25403}.Debug|Any CPU.Build.0 = Debug|Any CPU
		{FDA5B62D-CB0C-E160-A8C8-1F9B31B25403}.Release|Any CPU.ActiveCfg = Release|Any CPU
		{FDA5B62D-CB0C-E160-A8C8-1F9B31B25403}.Release|Any CPU.Build.0 = Release|Any CPU
		{C3071682-CAA0-5A0F-B274-F49E80702D40}.Debug|Any CPU.ActiveCfg = Debug|Any CPU
		{C3071682-CAA0-5A0F-B274-F49E80702D40}.Debug|Any CPU.Build.0 = Debug|Any CPU
		{C3071682-CAA0-5A0F-B274-F49E80702D40}.Release|Any CPU.ActiveCfg = Release|Any CPU
		{C3071682-CAA0-5A0F-B274-F49E80702D40}.Release|Any CPU.Build.0 = Release|Any CPU
	EndGlobalSection
	GlobalSection(SolutionProperties) = preSolution
		HideSolutionNode = FALSE
	EndGlobalSection
	GlobalSection(NestedProjects) = preSolution
		{99CAA3EB-D978-0B67-51E6-2796DF31BCC7} = {38E251AB-E671-19F7-1A2B-DB098C4B0021}
		{19AB34D7-8FB0-4A81-DB90-66AE182A1B97} = {F9A0F918-02B6-8E86-FF8A-C6B26EE0169E}
		{764D25C9-119A-7496-C17D-7B4C1AA51A96} = {5325077E-AECE-C49D-D047-E0F1D44E8D34}
		{F52C0AAD-E8BD-D84E-BC33-2D98D3A0279B} = {DD1A5B23-4AC5-720A-9771-63A140FD06FE}
		{AD668B65-A5DE-7183-CD69-4C70E5091EB0} = {9397EE58-466D-00D3-C20E-E8010790E04F}
		{F41CCFFF-C650-2FA0-D2DD-B14809FE1239} = {9397EE58-466D-00D3-C20E-E8010790E04F}
		{1CE75AAD-04BB-C6DF-2FBD-9A59FEB2785E} = {9397EE58-466D-00D3-C20E-E8010790E04F}
		{5422EB76-18B8-2505-BF57-3A176288294E} = {620F50C8-E169-6372-7A9B-F109B4E7EDCB}
		{0B90CC51-7610-43BE-F7BD-6579EF318913} = {620F50C8-E169-6372-7A9B-F109B4E7EDCB}
		{569C66B8-7EFA-87FD-7CB0-D11513FDBE4C} = {620F50C8-E169-6372-7A9B-F109B4E7EDCB}
		{6433ACDE-BEB7-D3B0-4F8E-32EB4F1FA0C6} = {620F50C8-E169-6372-7A9B-F109B4E7EDCB}
		{942B4907-2458-63E8-E31E-3FB946B809FC} = {620F50C8-E169-6372-7A9B-F109B4E7EDCB}
		{10F00A18-6E4E-F6CE-2997-4CE9857B0B29} = {620F50C8-E169-6372-7A9B-F109B4E7EDCB}
		{86E4143A-30B3-27DF-28BE-84ABECBB2ECA} = {620F50C8-E169-6372-7A9B-F109B4E7EDCB}
		{C33A64E9-D7DA-BE40-6AB9-E5046DA42D1D} = {1516F2E1-EB07-8674-AD5A-5B6CAE24DB93}
		{03E1C1EA-55B5-ABD0-611F-B7827DED749F} = {1516F2E1-EB07-8674-AD5A-5B6CAE24DB93}
		{296BC317-E3A1-F601-7405-3C243077ED1B} = {1516F2E1-EB07-8674-AD5A-5B6CAE24DB93}
		{95540417-69F2-0FC3-4C56-66FD130F19BE} = {1516F2E1-EB07-8674-AD5A-5B6CAE24DB93}
		{AC9414ED-233C-B13B-158D-EA685121F326} = {1516F2E1-EB07-8674-AD5A-5B6CAE24DB93}
		{619B67C6-23BA-DB38-0A06-509D2A9AEE2D} = {1516F2E1-EB07-8674-AD5A-5B6CAE24DB93}
		{56416DEA-19FB-2E07-F020-19EF9944163C} = {EE61314B-1285-DB36-491A-143F3A194358}
		{9C774552-2541-434E-31C3-F2734BB1B104} = {EE61314B-1285-DB36-491A-143F3A194358}
		{E59CB7F9-0ECC-C3B5-4672-CC05E7F7CCA0} = {EE61314B-1285-DB36-491A-143F3A194358}
		{8E2CC822-7152-DE03-23D2-3EE5FE2C5067} = {EE61314B-1285-DB36-491A-143F3A194358}
		{965A6EE5-371B-7170-F1AD-80AF0316684A} = {EE61314B-1285-DB36-491A-143F3A194358}
		{1726B07D-65D3-344D-BB4E-70859DA72D10} = {EE61314B-1285-DB36-491A-143F3A194358}
		{67F7E30E-BE38-929C-A17F-4490F906009C} = {EE61314B-1285-DB36-491A-143F3A194358}
		{FDA5B62D-CB0C-E160-A8C8-1F9B31B25403} = {EE61314B-1285-DB36-491A-143F3A194358}
		{C3071682-CAA0-5A0F-B274-F49E80702D40} = {EE61314B-1285-DB36-491A-143F3A194358}
	EndGlobalSection
	GlobalSection(ExtensibilityGlobals) = postSolution
		SolutionGuid = {1A820197-ED86-4AD2-A114-52F3C76D0EAD}
	EndGlobalSection
EndGlobal
